
Microsoft Visual Studio Solution File, Format Version 12.00
# Visual Studio Version 17
VisualStudioVersion = 17.0.31903.59
MinimumVisualStudioVersion = 10.0.40219.1
Project("{2150E333-8FDC-42A3-9474-1A3956D46DE8}") = "src", "src", "{827E0CD3-B72D-47B6-A68D-7590B98EB39B}"
EndProject
Project("{2150E333-8FDC-42A3-9474-1A3956D46DE8}") = "backend", "backend", "{FE360695-3F2B-1049-3887-35FBB5135923}"
EndProject
Project("{FAE04EC0-301F-11D3-BF4B-00C04F79EFBC}") = "Erp.Contracts", "src\backend\Erp.Contracts\Erp.Contracts.csproj", "{C5E185EB-DC36-4387-8AD8-EDBBCEDE1F8A}"
EndProject
Project("{FAE04EC0-301F-11D3-BF4B-00C04F79EFBC}") = "Erp.Domain", "src\backend\Erp.Domain\Erp.Domain.csproj", "{AE82110D-4465-49AD-BE0A-59B1670412FB}"
EndProject
Project("{FAE04EC0-301F-11D3-BF4B-00C04F79EFBC}") = "Erp.Application", "src\backend\Erp.Application\Erp.Application.csproj", "{BF62C81C-6F52-4180-933E-F1C995D7FCDF}"
EndProject
Project("{FAE04EC0-301F-11D3-BF4B-00C04F79EFBC}") = "Erp.Infrastructure", "src\backend\Erp.Infrastructure\Erp.Infrastructure.csproj", "{1E3DDF8D-4B69-470A-9A51-048B51DB1CA8}"
EndProject
Project("{FAE04EC0-301F-11D3-BF4B-00C04F79EFBC}") = "Erp.Api", "src\backend\Erp.Api\Erp.Api.csproj", "{8D7D3B7C-83EC-4E3E-B655-9932138585E5}"
EndProject
Project("{2150E333-8FDC-42A3-9474-1A3956D46DE8}") = "tests", "tests", "{0AB3BF05-4346-4AA6-1389-037BE0695223}"
EndProject
Project("{2150E333-8FDC-42A3-9474-1A3956D46DE8}") = "backend", "backend", "{C62EED4C-2AC9-F50F-E0BC-649CFEA98BDB}"
EndProject
Project("{FAE04EC0-301F-11D3-BF4B-00C04F79EFBC}") = "Erp.Application.Tests", "tests\backend\Erp.Application.Tests\Erp.Application.Tests.csproj", "{7F2CCA28-3792-4A8D-A92F-DD60AFF9672C}"
EndProject
Project("{FAE04EC0-301F-11D3-BF4B-00C04F79EFBC}") = "Erp.Api.SmokeTests", "tests\backend\Erp.Api.SmokeTests\Erp.Api.SmokeTests.csproj", "{14527945-DA40-44A2-94E0-793970C511E0}"
EndProject
Global
	GlobalSection(SolutionConfigurationPlatforms) = preSolution
		Debug|Any CPU = Debug|Any CPU
		Debug|x64 = Debug|x64
		Debug|x86 = Debug|x86
		Release|Any CPU = Release|Any CPU
		Release|x64 = Release|x64
		Release|x86 = Release|x86
	EndGlobalSection
	GlobalSection(ProjectConfigurationPlatforms) = postSolution
		{C5E185EB-DC36-4387-8AD8-EDBBCEDE1F8A}.Debug|Any CPU.ActiveCfg = Debug|Any CPU
		{C5E185EB-DC36-4387-8AD8-EDBBCEDE1F8A}.Debug|Any CPU.Build.0 = Debug|Any CPU
		{C5E185EB-DC36-4387-8AD8-EDBBCEDE1F8A}.Debug|x64.ActiveCfg = Debug|Any CPU
		{C5E185EB-DC36-4387-8AD8-EDBBCEDE1F8A}.Debug|x64.Build.0 = Debug|Any CPU
		{C5E185EB-DC36-4387-8AD8-EDBBCEDE1F8A}.Debug|x86.ActiveCfg = Debug|Any CPU
		{C5E185EB-DC36-4387-8AD8-EDBBCEDE1F8A}.Debug|x86.Build.0 = Debug|Any CPU
		{C5E185EB-DC36-4387-8AD8-EDBBCEDE1F8A}.Release|Any CPU.ActiveCfg = Release|Any CPU
		{C5E185EB-DC36-4387-8AD8-EDBBCEDE1F8A}.Release|Any CPU.Build.0 = Release|Any CPU
		{C5E185EB-DC36-4387-8AD8-EDBBCEDE1F8A}.Release|x64.ActiveCfg = Release|Any CPU
		{C5E185EB-DC36-4387-8AD8-EDBBCEDE1F8A}.Release|x64.Build.0 = Release|Any CPU
		{C5E185EB-DC36-4387-8AD8-EDBBCEDE1F8A}.Release|x86.ActiveCfg = Release|Any CPU
		{C5E185EB-DC36-4387-8AD8-EDBBCEDE1F8A}.Release|x86.Build.0 = Release|Any CPU
		{AE82110D-4465-49AD-BE0A-59B1670412FB}.Debug|Any CPU.ActiveCfg = Debug|Any CPU
		{AE82110D-4465-49AD-BE0A-59B1670412FB}.Debug|Any CPU.Build.0 = Debug|Any CPU
		{AE82110D-4465-49AD-BE0A-59B1670412FB}.Debug|x64.ActiveCfg = Debug|Any CPU
		{AE82110D-4465-49AD-BE0A-59B1670412FB}.Debug|x64.Build.0 = Debug|Any CPU
		{AE82110D-4465-49AD-BE0A-59B1670412FB}.Debug|x86.ActiveCfg = Debug|Any CPU
		{AE82110D-4465-49AD-BE0A-59B1670412FB}.Debug|x86.Build.0 = Debug|Any CPU
		{AE82110D-4465-49AD-BE0A-59B1670412FB}.Release|Any CPU.ActiveCfg = Release|Any CPU
		{AE82110D-4465-49AD-BE0A-59B1670412FB}.Release|Any CPU.Build.0 = Release|Any CPU
		{AE82110D-4465-49AD-BE0A-59B1670412FB}.Release|x64.ActiveCfg = Release|Any CPU
		{AE82110D-4465-49AD-BE0A-59B1670412FB}.Release|x64.Build.0 = Release|Any CPU
		{AE82110D-4465-49AD-BE0A-59B1670412FB}.Release|x86.ActiveCfg = Release|Any CPU
		{AE82110D-4465-49AD-BE0A-59B1670412FB}.Release|x86.Build.0 = Release|Any CPU
		{BF62C81C-6F52-4180-933E-F1C995D7FCDF}.Debug|Any CPU.ActiveCfg = Debug|Any CPU
		{BF62C81C-6F52-4180-933E-F1C995D7FCDF}.Debug|Any CPU.Build.0 = Debug|Any CPU
		{BF62C81C-6F52-4180-933E-F1C995D7FCDF}.Debug|x64.ActiveCfg = Debug|Any CPU
		{BF62C81C-6F52-4180-933E-F1C995D7FCDF}.Debug|x64.Build.0 = Debug|Any CPU
		{BF62C81C-6F52-4180-933E-F1C995D7FCDF}.Debug|x86.ActiveCfg = Debug|Any CPU
		{BF62C81C-6F52-4180-933E-F1C995D7FCDF}.Debug|x86.Build.0 = Debug|Any CPU
		{BF62C81C-6F52-4180-933E-F1C995D7FCDF}.Release|Any CPU.ActiveCfg = Release|Any CPU
		{BF62C81C-6F52-4180-933E-F1C995D7FCDF}.Release|Any CPU.Build.0 = Release|Any CPU
		{BF62C81C-6F52-4180-933E-F1C995D7FCDF}.Release|x64.ActiveCfg = Release|Any CPU
		{BF62C81C-6F52-4180-933E-F1C995D7FCDF}.Release|x64.Build.0 = Release|Any CPU
		{BF62C81C-6F52-4180-933E-F1C995D7FCDF}.Release|x86.ActiveCfg = Release|Any CPU
		{BF62C81C-6F52-4180-933E-F1C995D7FCDF}.Release|x86.Build.0 = Release|Any CPU
		{1E3DDF8D-4B69-470A-9A51-048B51DB1CA8}.Debug|Any CPU.ActiveCfg = Debug|Any CPU
		{1E3DDF8D-4B69-470A-9A51-048B51DB1CA8}.Debug|Any CPU.Build.0 = Debug|Any CPU
		{1E3DDF8D-4B69-470A-9A51-048B51DB1CA8}.Debug|x64.ActiveCfg = Debug|Any CPU
		{1E3DDF8D-4B69-470A-9A51-048B51DB1CA8}.Debug|x64.Build.0 = Debug|Any CPU
		{1E3DDF8D-4B69-470A-9A51-048B51DB1CA8}.Debug|x86.ActiveCfg = Debug|Any CPU
		{1E3DDF8D-4B69-470A-9A51-048B51DB1CA8}.Debug|x86.Build.0 = Debug|Any CPU
		{1E3DDF8D-4B69-470A-9A51-048B51DB1CA8}.Release|Any CPU.ActiveCfg = Release|Any CPU
		{1E3DDF8D-4B69-470A-9A51-048B51DB1CA8}.Release|Any CPU.Build.0 = Release|Any CPU
		{1E3DDF8D-4B69-470A-9A51-048B51DB1CA8}.Release|x64.ActiveCfg = Release|Any CPU
		{1E3DDF8D-4B69-470A-9A51-048B51DB1CA8}.Release|x64.Build.0 = Release|Any CPU
		{1E3DDF8D-4B69-470A-9A51-048B51DB1CA8}.Release|x86.ActiveCfg = Release|Any CPU
		{1E3DDF8D-4B69-470A-9A51-048B51DB1CA8}.Release|x86.Build.0 = Release|Any CPU
		{8D7D3B7C-83EC-4E3E-B655-9932138585E5}.Debug|Any CPU.ActiveCfg = Debug|Any CPU
		{8D7D3B7C-83EC-4E3E-B655-9932138585E5}.Debug|Any CPU.Build.0 = Debug|Any CPU
		{8D7D3B7C-83EC-4E3E-B655-9932138585E5}.Debug|x64.ActiveCfg = Debug|Any CPU
		{8D7D3B7C-83EC-4E3E-B655-9932138585E5}.Debug|x64.Build.0 = Debug|Any CPU
		{8D7D3B7C-83EC-4E3E-B655-9932138585E5}.Debug|x86.ActiveCfg = Debug|Any CPU
		{8D7D3B7C-83EC-4E3E-B655-9932138585E5}.Debug|x86.Build.0 = Debug|Any CPU
		{8D7D3B7C-83EC-4E3E-B655-9932138585E5}.Release|Any CPU.ActiveCfg = Release|Any CPU
		{8D7D3B7C-83EC-4E3E-B655-9932138585E5}.Release|Any CPU.Build.0 = Release|Any CPU
		{8D7D3B7C-83EC-4E3E-B655-9932138585E5}.Release|x64.ActiveCfg = Release|Any CPU
		{8D7D3B7C-83EC-4E3E-B655-9932138585E5}.Release|x64.Build.0 = Release|Any CPU
		{8D7D3B7C-83EC-4E3E-B655-9932138585E5}.Release|x86.ActiveCfg = Release|Any CPU
		{8D7D3B7C-83EC-4E3E-B655-9932138585E5}.Release|x86.Build.0 = Release|Any CPU
		{7F2CCA28-3792-4A8D-A92F-DD60AFF9672C}.Debug|Any CPU.ActiveCfg = Debug|Any CPU
		{7F2CCA28-3792-4A8D-A92F-DD60AFF9672C}.Debug|Any CPU.Build.0 = Debug|Any CPU
		{7F2CCA28-3792-4A8D-A92F-DD60AFF9672C}.Debug|x64.ActiveCfg = Debug|Any CPU
		{7F2CCA28-3792-4A8D-A92F-DD60AFF9672C}.Debug|x64.Build.0 = Debug|Any CPU
		{7F2CCA28-3792-4A8D-A92F-DD60AFF9672C}.Debug|x86.ActiveCfg = Debug|Any CPU
		{7F2CCA28-3792-4A8D-A92F-DD60AFF9672C}.Debug|x86.Build.0 = Debug|Any CPU
		{7F2CCA28-3792-4A8D-A92F-DD60AFF9672C}.Release|Any CPU.ActiveCfg = Release|Any CPU
		{7F2CCA28-3792-4A8D-A92F-DD60AFF9672C}.Release|Any CPU.Build.0 = Release|Any CPU
		{7F2CCA28-3792-4A8D-A92F-DD60AFF9672C}.Release|x64.ActiveCfg = Release|Any CPU
		{7F2CCA28-3792-4A8D-A92F-DD60AFF9672C}.Release|x64.Build.0 = Release|Any CPU
		{7F2CCA28-3792-4A8D-A92F-DD60AFF9672C}.Release|x86.ActiveCfg = Release|Any CPU
		{7F2CCA28-3792-4A8D-A92F-DD60AFF9672C}.Release|x86.Build.0 = Release|Any CPU
		{14527945-DA40-44A2-94E0-793970C511E0}.Debug|Any CPU.ActiveCfg = Debug|Any CPU
		{14527945-DA40-44A2-94E0-793970C511E0}.Debug|Any CPU.Build.0 = Debug|Any CPU
		{14527945-DA40-44A2-94E0-793970C511E0}.Debug|x64.ActiveCfg = Debug|Any CPU
		{14527945-DA40-44A2-94E0-793970C511E0}.Debug|x64.Build.0 = Debug|Any CPU
		{14527945-DA40-44A2-94E0-793970C511E0}.Debug|x86.ActiveCfg = Debug|Any CPU
		{14527945-DA40-44A2-94E0-793970C511E0}.Debug|x86.Build.0 = Debug|Any CPU
		{14527945-DA40-44A2-94E0-793970C511E0}.Release|Any CPU.ActiveCfg = Release|Any CPU
		{14527945-DA40-44A2-94E0-793970C511E0}.Release|Any CPU.Build.0 = Release|Any CPU
		{14527945-DA40-44A2-94E0-793970C511E0}.Release|x64.ActiveCfg = Release|Any CPU
		{14527945-DA40-44A2-94E0-793970C511E0}.Release|x64.Build.0 = Release|Any CPU
		{14527945-DA40-44A2-94E0-793970C511E0}.Release|x86.ActiveCfg = Release|Any CPU
		{14527945-DA40-44A2-94E0-793970C511E0}.Release|x86.Build.0 = Release|Any CPU
	EndGlobalSection
	GlobalSection(SolutionProperties) = preSolution
		HideSolutionNode = FALSE
	EndGlobalSection
	GlobalSection(NestedProjects) = preSolution
		{FE360695-3F2B-1049-3887-35FBB5135923} = {827E0CD3-B72D-47B6-A68D-7590B98EB39B}
		{C5E185EB-DC36-4387-8AD8-EDBBCEDE1F8A} = {FE360695-3F2B-1049-3887-35FBB5135923}
		{AE82110D-4465-49AD-BE0A-59B1670412FB} = {FE360695-3F2B-1049-3887-35FBB5135923}
		{BF62C81C-6F52-4180-933E-F1C995D7FCDF} = {FE360695-3F2B-1049-3887-35FBB5135923}
		{1E3DDF8D-4B69-470A-9A51-048B51DB1CA8} = {FE360695-3F2B-1049-3887-35FBB5135923}
		{8D7D3B7C-83EC-4E3E-B655-9932138585E5} = {FE360695-3F2B-1049-3887-35FBB5135923}
		{C62EED4C-2AC9-F50F-E0BC-649CFEA98BDB} = {0AB3BF05-4346-4AA6-1389-037BE0695223}
		{7F2CCA28-3792-4A8D-A92F-DD60AFF9672C} = {C62EED4C-2AC9-F50F-E0BC-649CFEA98BDB}
		{14527945-DA40-44A2-94E0-793970C511E0} = {C62EED4C-2AC9-F50F-E0BC-649CFEA98BDB}
	EndGlobalSection
EndGlobal
